github.com/contactless/org.eclipse.paho.mqtt.golang v0.0.0-20160512050345-bc107ec72972 h1:itvKwLlIg3MLdjVqhPuYFd0y9RsrQQxSIhZXUeNFtmA=
github.com/contactless/org.eclipse.paho.mqtt.golang v0.0.0-20160512050345-bc107ec72972/go.mod h1:ISd8VT87v5vB6N33PDJrbWYlI0+r46JxZ9+yEDTKThc=
github.com/contactless/wbgo v0.0.0-20170714064908-711aa487d765 h1:5z6EZmqUQszkO8fHClhdIK3+2Pt0Zb4FN47MXWjW7NY=
github.com/contactless/wbgo v0.0.0-20170714064908-711aa487d765/go.mod h1:zpSgGrFuNosiXs0VtRMXlWLyddi9QYrq5v+a4WuUU9s=
github.com/davecgh/go-spew v1.1.1 h1:vj9j/u1bqnvCEfJOwUhtlOARqs3+rkHYY13jYWTU97c=
github.com/davecgh/go-spew v1.1.1/go.mod h1:J7Y8YcW2NihsgmVo/mv3lAwl/skON4iLHjSsI+c5H38=
github.com/go-yaml/yaml v0.0.0-20170713201520-3b4ad1db5b2a h1:29Ik1T96ExBUSwjbxYSZjwynr5WCEsFgWd4PpTqSx9Q=
github.com/go-yaml/yaml v0.0.0-20170713201520-3b4ad1db5b2a/go.mod h1:w2MrLa16VYP0jy6N7M5kHaCkaLENm+P+Tv+MfurjSw0=
github.com/goburrow/serial v0.0.0-20170301104454-d490ecc9d6a1 h1:zAPlWVyQLcc5/jNItmaDxrwyA+WIUQBxb0dkr5V/IGo=
github.com/goburrow/serial v0.0.0-20170301104454-d490ecc9d6a1/go.mod h1:sAiqG0nRVswsm1C97xsttiYCzSLBmUZ/VSlVLZJ8haA=
github.com/stretchr/objx v0.0.0-20140526180921-cbeaeb16a013 h1:lg5xphrNMF4T2GfLhtXOhFrTn5ZmPRUOWXvCLOattFY=
github.com/stretchr/objx v0.0.0-20140526180921-cbeaeb16a013/go.mod h1:HFkY916IF+rwdDfMAkV7OtwuqBVzrE8GR6GFx+wExME=
github.com/stretchr/testify v0.0.0-20150218221846-e4ec8152c15f h1:s+/zETdGFl5S+XBos5NN8nSYQ4mwTf3kF3jjD83t4vY=
github.com/stretchr/testify v0.0.0-20150218221846-e4ec8152c15f/go.mod h1:a8OnRcib4nhh0OaRAV+Yts87kKdq0PP7pXfy6kDkUVs=
golang.org/x/net v0.0.0-20170114055629-f2499483f923 h1:cLl2p2++IYXqH4YzQ7uIc7QLOa4SU0x1vSy9Da++V94=
golang.org/x/net v0.0.0-20170114055629-f2499483f923/go.mod h1:mL1N/T3taQHkDXs73rZJwtUhF3w3ftmwwsq0BUmARs4=
golang.org/x/text v0.0.0-20160726164857-2910a502d2bf h1:a1mkutIuyEAoG1fn3Z8Ep7h+O57k45esCFDOqht8HF8=
golang.org/x/text v0.0.0-20160726164857-2910a502d2bf/go.mod h1:NqM8EUOU14njkJ3fqMW+pc6Ldnwhi/IjpwHt7yyuwOQ=
gopkg.in/fsnotify.v1 v1.2.1 h1:x2hwAFVlj5ptNfCIgr3KRZm9IQcKDCWJbQDO7QxUXOo=
gopkg.in/fsnotify.v1 v1.2.1/go.mod h1:Tz8NjZHkW78fSQdbUxIjBTcgA1z1m8ZHf0WmKUhAMys=
